Microsoft Visual Studio Solution File, Format Version 12.00
# Visual Studio Version 17
VisualStudioVersion = 17.5.2.0
MinimumVisualStudioVersion = 10.0.40219.1
Project("{FAE04EC0-301F-11D3-BF4B-00C04F79EFBC}") = "MotorProcesamientoPagos", "MotorProcesamientoPagos.csproj", "{654F8372-494D-EF81-18F5-39B4D4D094A4}"
EndProject
Global
	GlobalSection(SolutionConfigurationPlatforms) = preSolution
		Debug|Any CPU = Debug|Any CPU
		Release|Any CPU = Release|Any CPU
	EndGlobalSection
	GlobalSection(ProjectConfigurationPlatforms) = postSolution
		{654F8372-494D-EF81-18F5-39B4D4D094A4}.Debug|Any CPU.ActiveCfg = Debug|Any CPU
		{654F8372-494D-EF81-18F5-39B4D4D094A4}.Debug|Any CPU.Build.0 = Debug|Any CPU
		{654F8372-494D-EF81-18F5-39B4D4D094A4}.Release|Any CPU.ActiveCfg = Release|Any CPU
		{654F8372-494D-EF81-18F5-39B4D4D094A4}.Release|Any CPU.Build.0 = Release|Any CPU
	EndGlobalSection
	GlobalSection(SolutionProperties) = preSolution
		HideSolutionNode = FALSE
	EndGlobalSection
	GlobalSection(ExtensibilityGlobals) = postSolution
		SolutionGuid = {7C43B9D1-AA78-4AE3-85EE-B7F0F634D926}
	EndGlobalSection
EndGlobal
