Microsoft Visual Studio Solution File, Format Version 12.00
# Visual Studio Version 17
VisualStudioVersion = 17.5.2.0
MinimumVisualStudioVersion = 10.0.40219.1
Project("{FAE04EC0-301F-11D3-BF4B-00C04F79EFBC}") = "MotorRecomendacionEcommerce", "MotorRecomendacionEcommerce.csproj", "{48DE65A0-4637-42DD-8A89-794FEEFDCBE1}"
EndProject
Global
	GlobalSection(SolutionConfigurationPlatforms) = preSolution
		Debug|Any CPU = Debug|Any CPU
		Release|Any CPU = Release|Any CPU
	EndGlobalSection
	GlobalSection(ProjectConfigurationPlatforms) = postSolution
		{48DE65A0-4637-42DD-8A89-794FEEFDCBE1}.Debug|Any CPU.ActiveCfg = Debug|Any CPU
		{48DE65A0-4637-42DD-8A89-794FEEFDCBE1}.Debug|Any CPU.Build.0 = Debug|Any CPU
		{48DE65A0-4637-42DD-8A89-794FEEFDCBE1}.Release|Any CPU.ActiveCfg = Release|Any CPU
		{48DE65A0-4637-42DD-8A89-794FEEFDCBE1}.Release|Any CPU.Build.0 = Release|Any CPU
	EndGlobalSection
	GlobalSection(SolutionProperties) = preSolution
		HideSolutionNode = FALSE
	EndGlobalSection
	GlobalSection(ExtensibilityGlobals) = postSolution
		SolutionGuid = {FB43BF68-FAC5-4A3F-A8F7-FDD9C3A61A47}
	EndGlobalSection
EndGlobal
